
Microsoft Visual Studio Solution File, Format Version 12.00
# Visual Studio Version 16
VisualStudioVersion = 16.0.29709.97
MinimumVisualStudioVersion = 10.0.40219.1
Project("{F184B08F-C81C-45F6-A57F-5ABD9991F28F}") = "lotesAPI", "lotesAPI.vbproj", "{DA61B57A-55A0-4DE1-8191-B3DD2F3AF3AB}"
EndProject
Project("{F184B08F-C81C-45F6-A57F-5ABD9991F28F}") = "conexion", "conexion\conexion.vbproj", "{36BCC369-F96F-4458-8D23-B1EC3290F552}"
EndProject
Global
	GlobalSection(SolutionConfigurationPlatforms) = preSolution
		Debug|Any CPU = Debug|Any CPU
		Release|Any CPU = Release|Any CPU
	EndGlobalSection
	GlobalSection(ProjectConfigurationPlatforms) = postSolution
		{DA61B57A-55A0-4DE1-8191-B3DD2F3AF3AB}.Debug|Any CPU.ActiveCfg = Debug|Any CPU
		{DA61B57A-55A0-4DE1-8191-B3DD2F3AF3AB}.Debug|Any CPU.Build.0 = Debug|Any CPU
		{DA61B57A-55A0-4DE1-8191-B3DD2F3AF3AB}.Release|Any CPU.ActiveCfg = Release|Any CPU
		{DA61B57A-55A0-4DE1-8191-B3DD2F3AF3AB}.Release|Any CPU.Build.0 = Release|Any CPU
		{36BCC369-F96F-4458-8D23-B1EC3290F552}.Debug|Any CPU.ActiveCfg = Debug|Any CPU
		{36BCC369-F96F-4458-8D23-B1EC3290F552}.Debug|Any CPU.Build.0 = Debug|Any CPU
		{36BCC369-F96F-4458-8D23-B1EC3290F552}.Release|Any CPU.ActiveCfg = Release|Any CPU
		{36BCC369-F96F-4458-8D23-B1EC3290F552}.Release|Any CPU.Build.0 = Release|Any CPU
	EndGlobalSection
	GlobalSection(SolutionProperties) = preSolution
		HideSolutionNode = FALSE
	EndGlobalSection
	GlobalSection(ExtensibilityGlobals) = postSolution
		SolutionGuid = {002E8284-8CD1-45C2-8E88-C12FEBE86E57}
	EndGlobalSection
EndGlobal
